// !$*UTF8*$!
{
	archiveVersion = 1;
	classes = {
	};
	objectVersion = 56;
	objects = {

/* Begin PBXBuildFile section */
		8701E2BF2B4D2578004C1367 /* Beakjoon1932.swift in Sources */ = {isa = PBXBuildFile; fileRef = 8701E2BE2B4D2578004C1367 /* Beakjoon1932.swift */; };
		8701E2C12B4D31B2004C1367 /* Beakjoon2156.swift in Sources */ = {isa = PBXBuildFile; fileRef = 8701E2C02B4D31B2004C1367 /* Beakjoon2156.swift */; };
		870AB3CA2B6A31A40054216C /* Beakjoon2239.swift in Sources */ = {isa = PBXBuildFile; fileRef = 870AB3C92B6A31A40054216C /* Beakjoon2239.swift */; };
		871020222B511DD2009D046C /* Beakjoon1300.swift in Sources */ = {isa = PBXBuildFile; fileRef = 871020212B511DD2009D046C /* Beakjoon1300.swift */; };
		871248442B469A7300721B16 /* Beakjoon6236.swift in Sources */ = {isa = PBXBuildFile; fileRef = 871248432B469A7300721B16 /* Beakjoon6236.swift */; };
		871248462B46A5BB00721B16 /* Beakjoon1024.swift in Sources */ = {isa = PBXBuildFile; fileRef = 871248452B46A5BB00721B16 /* Beakjoon1024.swift */; };
		871248482B46AD1600721B16 /* Beakjoon2210.swift in Sources */ = {isa = PBXBuildFile; fileRef = 871248472B46AD1600721B16 /* Beakjoon2210.swift */; };
		872877A82B4D181600FF3509 /* Beakjoon1697.swift in Sources */ = {isa = PBXBuildFile; fileRef = 872877A72B4D181600FF3509 /* Beakjoon1697.swift */; };
		872C881C2B43EDCC00DC9B39 /* Beakjoon23630.swift in Sources */ = {isa = PBXBuildFile; fileRef = 872C881B2B43EDCC00DC9B39 /* Beakjoon23630.swift */; };
		873B2DDA2B4BCB95004359B9 /* Beakjoon2178.swift in Sources */ = {isa = PBXBuildFile; fileRef = 873B2DD92B4BCB95004359B9 /* Beakjoon2178.swift */; };
		873B2DDC2B4BD164004359B9 /* Beakjoon2667.swift in Sources */ = {isa = PBXBuildFile; fileRef = 873B2DDB2B4BD164004359B9 /* Beakjoon2667.swift */; };
		873B2DDE2B4BE276004359B9 /* Beakjoon1149.swift in Sources */ = {isa = PBXBuildFile; fileRef = 873B2DDD2B4BE276004359B9 /* Beakjoon1149.swift */; };
		873D71022B6F489100971822 /* Beakjoon10026.swift in Sources */ = {isa = PBXBuildFile; fileRef = 873D71012B6F489100971822 /* Beakjoon10026.swift */; };
		873D71042B6F4FE600971822 /* Beakjoon7569.swift in Sources */ = {isa = PBXBuildFile; fileRef = 873D71032B6F4FE600971822 /* Beakjoon7569.swift */; };
		873D71062B6F5F1D00971822 /* Beakjoon9251.swift in Sources */ = {isa = PBXBuildFile; fileRef = 873D71052B6F5F1D00971822 /* Beakjoon9251.swift */; };
		873D71082B6F6AD000971822 /* Beakjoon11053.swift in Sources */ = {isa = PBXBuildFile; fileRef = 873D71072B6F6AD000971822 /* Beakjoon11053.swift */; };
		873D710A2B6F7BB000971822 /* Beakjoon15686.swift in Sources */ = {isa = PBXBuildFile; fileRef = 873D71092B6F7BB000971822 /* Beakjoon15686.swift */; };
		874698372B74ACAF00E12C71 /* Beakjoon2293.swift in Sources */ = {isa = PBXBuildFile; fileRef = 874698362B74ACAF00E12C71 /* Beakjoon2293.swift */; };
		874698392B74AFF200E12C71 /* PriorityQueue.swift in Sources */ = {isa = PBXBuildFile; fileRef = 874698382B74AFF200E12C71 /* PriorityQueue.swift */; };
		8746983B2B74E11500E12C71 /* Beakjoon9663.swift in Sources */ = {isa = PBXBuildFile; fileRef = 8746983A2B74E11500E12C71 /* Beakjoon9663.swift */; };
		8755C5FB2B789EA700B1B23A /* Beakjoon14500.swift in Sources */ = {isa = PBXBuildFile; fileRef = 8755C5FA2B789EA700B1B23A /* Beakjoon14500.swift */; };
		8755C5FD2B78B10100B1B23A /* Beakjoon11054.swift in Sources */ = {isa = PBXBuildFile; fileRef = 8755C5FC2B78B10100B1B23A /* Beakjoon11054.swift */; };
		8755C5FF2B78BC6400B1B23A /* Beakjoon1987.swift in Sources */ = {isa = PBXBuildFile; fileRef = 8755C5FE2B78BC6400B1B23A /* Beakjoon1987.swift */; };
		8756EA842B5A518300E4247F /* Beakjoon12919.swift in Sources */ = {isa = PBXBuildFile; fileRef = 8756EA832B5A518300E4247F /* Beakjoon12919.swift */; };
		8762DA092B7B774F00588CD5 /* Beakjoon17298.swift in Sources */ = {isa = PBXBuildFile; fileRef = 8762DA082B7B774F00588CD5 /* Beakjoon17298.swift */; };
		8775A11A2B6CB46700F88C6F /* Beakjoon2447.swift in Sources */ = {isa = PBXBuildFile; fileRef = 8775A1192B6CB46700F88C6F /* Beakjoon2447.swift */; };
		8775A11C2B6CBE8500F88C6F /* Beakjoon12865.swift in Sources */ = {isa = PBXBuildFile; fileRef = 8775A11B2B6CBE8500F88C6F /* Beakjoon12865.swift */; };
		8776AED52B70B0EE00D963E0 /* Beakjoon1759.swift in Sources */ = {isa = PBXBuildFile; fileRef = 8776AED42B70B0EE00D963E0 /* Beakjoon1759.swift */; };
		878A90202B7B578E00218AC7 /* Beakjoon3190.swift in Sources */ = {isa = PBXBuildFile; fileRef = 878A901F2B7B578E00218AC7 /* Beakjoon3190.swift */; };
		878D1F8E2B7F3D0800A5163C /* Beakjoon14499.swift in Sources */ = {isa = PBXBuildFile; fileRef = 878D1F8D2B7F3D0800A5163C /* Beakjoon14499.swift */; };
		878D1F902B7F5E0E00A5163C /* Beakjoon1707.swift in Sources */ = {isa = PBXBuildFile; fileRef = 878D1F8F2B7F5E0E00A5163C /* Beakjoon1707.swift */; };
		878D1F922B7F75D100A5163C /* Beakjoon1504.swift in Sources */ = {isa = PBXBuildFile; fileRef = 878D1F912B7F75D100A5163C /* Beakjoon1504.swift */; };
		879015702B7B69E90098B5A6 /* Beakjoon1197.swift in Sources */ = {isa = PBXBuildFile; fileRef = 8790156F2B7B69E90098B5A6 /* Beakjoon1197.swift */; };
		879FF08C2B5512E600B80BC5 /* Beakjoon14888.swift in Sources */ = {isa = PBXBuildFile; fileRef = 879FF08B2B5512E600B80BC5 /* Beakjoon14888.swift */; };
		879FF08E2B55242100B80BC5 /* Beakjoon14889.swift in Sources */ = {isa = PBXBuildFile; fileRef = 879FF08D2B55242100B80BC5 /* Beakjoon14889.swift */; };
		879FF0902B552F0B00B80BC5 /* Beakjoon1911.swift in Sources */ = {isa = PBXBuildFile; fileRef = 879FF08F2B552F0B00B80BC5 /* Beakjoon1911.swift */; };
		87AA73632B4FCCDA0089886C /* Beakjoon11657.swift in Sources */ = {isa = PBXBuildFile; fileRef = 87AA73622B4FCCDA0089886C /* Beakjoon11657.swift */; };
		87AB17A92B4FDF3B00B0DEAD /* Beakjoon10844.swift in Sources */ = {isa = PBXBuildFile; fileRef = 87AB17A82B4FDF3B00B0DEAD /* Beakjoon10844.swift */; };
		87AF138C2B70C1C0003FD7B1 /* Beakjoon1011.swift in Sources */ = {isa = PBXBuildFile; fileRef = 87AF138B2B70C1C0003FD7B1 /* Beakjoon1011.swift */; };
		87AF138E2B70D40D003FD7B1 /* Beakjoon5430.swift in Sources */ = {isa = PBXBuildFile; fileRef = 87AF138D2B70D40D003FD7B1 /* Beakjoon5430.swift */; };
		87AFCB122B67AD7F00DFF98F /* Beakjoon2468.swift in Sources */ = {isa = PBXBuildFile; fileRef = 87AFCB112B67AD7F00DFF98F /* Beakjoon2468.swift */; };
		87AFCB142B67B75E00DFF98F /* Beakjoon7576.swift in Sources */ = {isa = PBXBuildFile; fileRef = 87AFCB132B67B75E00DFF98F /* Beakjoon7576.swift */; };
		87AFCB162B67BC6D00DFF98F /* Beakjoon11729.swift in Sources */ = {isa = PBXBuildFile; fileRef = 87AFCB152B67BC6D00DFF98F /* Beakjoon11729.swift */; };
		87AFEDD92B42C4C200B7D3A2 /* main.swift in Sources */ = {isa = PBXBuildFile; fileRef = 87AFEDD82B42C4C200B7D3A2 /* main.swift */; };
		87B0DDB32B7DF956009008C0 /* Beakjoon2110.swift in Sources */ = {isa = PBXBuildFile; fileRef = 87B0DDB22B7DF956009008C0 /* Beakjoon2110.swift */; };
		87B0DDB52B7E06CD009008C0 /* Beakjoon16234.swift in Sources */ = {isa = PBXBuildFile; fileRef = 87B0DDB42B7E06CD009008C0 /* Beakjoon16234.swift */; };
		87B9D7882B76086800CE69F7 /* Beakjoon14502.swift in Sources */ = {isa = PBXBuildFile; fileRef = 87B9D7872B76086700CE69F7 /* Beakjoon14502.swift */; };
		87B9D78A2B76163900CE69F7 /* Beakjoon1753.swift in Sources */ = {isa = PBXBuildFile; fileRef = 87B9D7892B76163900CE69F7 /* Beakjoon1753.swift */; };
		87CB18452B57BF92006B3565 /* Beakjoon2357.swift in Sources */ = {isa = PBXBuildFile; fileRef = 87CB18442B57BF92006B3565 /* Beakjoon2357.swift */; };
		87CF0B3A2B7C9EE100482042 /* Beakjoon11404.swift in Sources */ = {isa = PBXBuildFile; fileRef = 87CF0B392B7C9EE100482042 /* Beakjoon11404.swift */; };
		87CF0B3C2B7CA75600482042 /* Beakjoon2580.swift in Sources */ = {isa = PBXBuildFile; fileRef = 87CF0B3B2B7CA75600482042 /* Beakjoon2580.swift */; };
		87CF0B3E2B7CAD1D00482042 /* Beakjoon1806.swift in Sources */ = {isa = PBXBuildFile; fileRef = 87CF0B3D2B7CAD1D00482042 /* Beakjoon1806.swift */; };
		87D5BEB32B45444E00DC5E81 /* LinkedList.swift in Sources */ = {isa = PBXBuildFile; fileRef = 87D5BEB22B45444E00DC5E81 /* LinkedList.swift */; };
		87D5BEB52B4545CA00DC5E81 /* Beakjoon18232.swift in Sources */ = {isa = PBXBuildFile; fileRef = 87D5BEB42B4545CA00DC5E81 /* Beakjoon18232.swift */; };
		87D5BEB72B4553DD00DC5E81 /* Beakjoon9148.swift in Sources */ = {isa = PBXBuildFile; fileRef = 87D5BEB62B4553DD00DC5E81 /* Beakjoon9148.swift */; };
		87D5BEB92B45578000DC5E81 /* Beakjoon11867.swift in Sources */ = {isa = PBXBuildFile; fileRef = 87D5BEB82B45578000DC5E81 /* Beakjoon11867.swift */; };
		87D5BEBB2B455FC700DC5E81 /* Beakjoon2716.swift in Sources */ = {isa = PBXBuildFile; fileRef = 87D5BEBA2B455FC700DC5E81 /* Beakjoon2716.swift */; };
		87EF60DC2B43CE9100F8B0D8 /* Beakjoon17103.swift in Sources */ = {isa = PBXBuildFile; fileRef = 87EF60DB2B43CE9100F8B0D8 /* Beakjoon17103.swift */; };
		87EF60DE2B43D65200F8B0D8 /* Beakjoon6615.swift in Sources */ = {isa = PBXBuildFile; fileRef = 87EF60DD2B43D65200F8B0D8 /* Beakjoon6615.swift */; };
		87F1615E2B83833900E55869 /* Beakjoon2183.swift in Sources */ = {isa = PBXBuildFile; fileRef = 87F1615D2B83833900E55869 /* Beakjoon2183.swift */; };
		87F6B2362B47D5D800E5DEC1 /* Beakjoon16948.swift in Sources */ = {isa = PBXBuildFile; fileRef = 87F6B2352B47D5D800E5DEC1 /* Beakjoon16948.swift */; };
		87F928BD2B72884200D43251 /* Beakjoon14503.swift in Sources */ = {isa = PBXBuildFile; fileRef = 87F928BC2B72884200D43251 /* Beakjoon14503.swift */; };
/* End PBXBuildFile section */

/* Begin PBXCopyFilesBuildPhase section */
		87AFEDD32B42C4C200B7D3A2 /* CopyFiles */ = {
			isa = PBXCopyFilesBuildPhase;
			buildActionMask = 2147483647;
			dstPath = /usr/share/man/man1/;
			dstSubfolderSpec = 0;
			files = (
			);
			runOnlyForDeploymentPostprocessing = 1;
		};
/* End PBXCopyFilesBuildPhase section */

/* Begin PBXFileReference section */
		8701E2BE2B4D2578004C1367 /* Beakjoon1932.swift */ = {isa = PBXFileReference; lastKnownFileType = sourcecode.swift; path = Beakjoon1932.swift; sourceTree = "<group>"; };
		8701E2C02B4D31B2004C1367 /* Beakjoon2156.swift */ = {isa = PBXFileReference; lastKnownFileType = sourcecode.swift; path = Beakjoon2156.swift; sourceTree = "<group>"; };
		870AB3C92B6A31A40054216C /* Beakjoon2239.swift */ = {isa = PBXFileReference; lastKnownFileType = sourcecode.swift; path = Beakjoon2239.swift; sourceTree = "<group>"; };
		871020212B511DD2009D046C /* Beakjoon1300.swift */ = {isa = PBXFileReference; lastKnownFileType = sourcecode.swift; path = Beakjoon1300.swift; sourceTree = "<group>"; };
		871248432B469A7300721B16 /* Beakjoon6236.swift */ = {isa = PBXFileReference; lastKnownFileType = sourcecode.swift; path = Beakjoon6236.swift; sourceTree = "<group>"; };
		871248452B46A5BB00721B16 /* Beakjoon1024.swift */ = {isa = PBXFileReference; lastKnownFileType = sourcecode.swift; path = Beakjoon1024.swift; sourceTree = "<group>"; };
		871248472B46AD1600721B16 /* Beakjoon2210.swift */ = {isa = PBXFileReference; lastKnownFileType = sourcecode.swift; path = Beakjoon2210.swift; sourceTree = "<group>"; };
		872877A72B4D181600FF3509 /* Beakjoon1697.swift */ = {isa = PBXFileReference; lastKnownFileType = sourcecode.swift; path = Beakjoon1697.swift; sourceTree = "<group>"; };
		872C881B2B43EDCC00DC9B39 /* Beakjoon23630.swift */ = {isa = PBXFileReference; lastKnownFileType = sourcecode.swift; path = Beakjoon23630.swift; sourceTree = "<group>"; };
		873B2DD92B4BCB95004359B9 /* Beakjoon2178.swift */ = {isa = PBXFileReference; lastKnownFileType = sourcecode.swift; path = Beakjoon2178.swift; sourceTree = "<group>"; };
		873B2DDB2B4BD164004359B9 /* Beakjoon2667.swift */ = {isa = PBXFileReference; lastKnownFileType = sourcecode.swift; path = Beakjoon2667.swift; sourceTree = "<group>"; };
		873B2DDD2B4BE276004359B9 /* Beakjoon1149.swift */ = {isa = PBXFileReference; lastKnownFileType = sourcecode.swift; path = Beakjoon1149.swift; sourceTree = "<group>"; };
		873D71012B6F489100971822 /* Beakjoon10026.swift */ = {isa = PBXFileReference; lastKnownFileType = sourcecode.swift; path = Beakjoon10026.swift; sourceTree = "<group>"; };
		873D71032B6F4FE600971822 /* Beakjoon7569.swift */ = {isa = PBXFileReference; lastKnownFileType = sourcecode.swift; path = Beakjoon7569.swift; sourceTree = "<group>"; };
		873D71052B6F5F1D00971822 /* Beakjoon9251.swift */ = {isa = PBXFileReference; lastKnownFileType = sourcecode.swift; path = Beakjoon9251.swift; sourceTree = "<group>"; };
		873D71072B6F6AD000971822 /* Beakjoon11053.swift */ = {isa = PBXFileReference; lastKnownFileType = sourcecode.swift; path = Beakjoon11053.swift; sourceTree = "<group>"; };
		873D71092B6F7BB000971822 /* Beakjoon15686.swift */ = {isa = PBXFileReference; lastKnownFileType = sourcecode.swift; path = Beakjoon15686.swift; sourceTree = "<group>"; };
		874698362B74ACAF00E12C71 /* Beakjoon2293.swift */ = {isa = PBXFileReference; lastKnownFileType = sourcecode.swift; path = Beakjoon2293.swift; sourceTree = "<group>"; };
		874698382B74AFF200E12C71 /* PriorityQueue.swift */ = {isa = PBXFileReference; lastKnownFileType = sourcecode.swift; path = PriorityQueue.swift; sourceTree = "<group>"; };
		8746983A2B74E11500E12C71 /* Beakjoon9663.swift */ = {isa = PBXFileReference; lastKnownFileType = sourcecode.swift; path = Beakjoon9663.swift; sourceTree = "<group>"; };
		8755C5FA2B789EA700B1B23A /* Beakjoon14500.swift */ = {isa = PBXFileReference; lastKnownFileType = sourcecode.swift; path = Beakjoon14500.swift; sourceTree = "<group>"; };
		8755C5FC2B78B10100B1B23A /* Beakjoon11054.swift */ = {isa = PBXFileReference; lastKnownFileType = sourcecode.swift; path = Beakjoon11054.swift; sourceTree = "<group>"; };
		8755C5FE2B78BC6400B1B23A /* Beakjoon1987.swift */ = {isa = PBXFileReference; lastKnownFileType = sourcecode.swift; path = Beakjoon1987.swift; sourceTree = "<group>"; };
		8756EA832B5A518300E4247F /* Beakjoon12919.swift */ = {isa = PBXFileReference; lastKnownFileType = sourcecode.swift; path = Beakjoon12919.swift; sourceTree = "<group>"; };
		8762DA082B7B774F00588CD5 /* Beakjoon17298.swift */ = {isa = PBXFileReference; lastKnownFileType = sourcecode.swift; path = Beakjoon17298.swift; sourceTree = "<group>"; };
		8775A1192B6CB46700F88C6F /* Beakjoon2447.swift */ = {isa = PBXFileReference; lastKnownFileType = sourcecode.swift; path = Beakjoon2447.swift; sourceTree = "<group>"; };
		8775A11B2B6CBE8500F88C6F /* Beakjoon12865.swift */ = {isa = PBXFileReference; lastKnownFileType = sourcecode.swift; path = Beakjoon12865.swift; sourceTree = "<group>"; };
		8776AED42B70B0EE00D963E0 /* Beakjoon1759.swift */ = {isa = PBXFileReference; lastKnownFileType = sourcecode.swift; path = Beakjoon1759.swift; sourceTree = "<group>"; };
		878A901F2B7B578E00218AC7 /* Beakjoon3190.swift */ = {isa = PBXFileReference; lastKnownFileType = sourcecode.swift; path = Beakjoon3190.swift; sourceTree = "<group>"; };
		878D1F8D2B7F3D0800A5163C /* Beakjoon14499.swift */ = {isa = PBXFileReference; lastKnownFileType = sourcecode.swift; path = Beakjoon14499.swift; sourceTree = "<group>"; };
		878D1F8F2B7F5E0E00A5163C /* Beakjoon1707.swift */ = {isa = PBXFileReference; lastKnownFileType = sourcecode.swift; path = Beakjoon1707.swift; sourceTree = "<group>"; };
		878D1F912B7F75D100A5163C /* Beakjoon1504.swift */ = {isa = PBXFileReference; lastKnownFileType = sourcecode.swift; path = Beakjoon1504.swift; sourceTree = "<group>"; };
		8790156F2B7B69E90098B5A6 /* Beakjoon1197.swift */ = {isa = PBXFileReference; lastKnownFileType = sourcecode.swift; path = Beakjoon1197.swift; sourceTree = "<group>"; };
		879FF08B2B5512E600B80BC5 /* Beakjoon14888.swift */ = {isa = PBXFileReference; lastKnownFileType = sourcecode.swift; path = Beakjoon14888.swift; sourceTree = "<group>"; };
		879FF08D2B55242100B80BC5 /* Beakjoon14889.swift */ = {isa = PBXFileReference; lastKnownFileType = sourcecode.swift; path = Beakjoon14889.swift; sourceTree = "<group>"; };
		879FF08F2B552F0B00B80BC5 /* Beakjoon1911.swift */ = {isa = PBXFileReference; lastKnownFileType = sourcecode.swift; path = Beakjoon1911.swift; sourceTree = "<group>"; };
		87AA73622B4FCCDA0089886C /* Beakjoon11657.swift */ = {isa = PBXFileReference; lastKnownFileType = sourcecode.swift; path = Beakjoon11657.swift; sourceTree = "<group>"; };
		87AB17A82B4FDF3B00B0DEAD /* Beakjoon10844.swift */ = {isa = PBXFileReference; lastKnownFileType = sourcecode.swift; path = Beakjoon10844.swift; sourceTree = "<group>"; };
		87AF138B2B70C1C0003FD7B1 /* Beakjoon1011.swift */ = {isa = PBXFileReference; lastKnownFileType = sourcecode.swift; path = Beakjoon1011.swift; sourceTree = "<group>"; };
		87AF138D2B70D40D003FD7B1 /* Beakjoon5430.swift */ = {isa = PBXFileReference; lastKnownFileType = sourcecode.swift; path = Beakjoon5430.swift; sourceTree = "<group>"; };
		87AFCB112B67AD7F00DFF98F /* Beakjoon2468.swift */ = {isa = PBXFileReference; lastKnownFileType = sourcecode.swift; path = Beakjoon2468.swift; sourceTree = "<group>"; };
		87AFCB132B67B75E00DFF98F /* Beakjoon7576.swift */ = {isa = PBXFileReference; lastKnownFileType = sourcecode.swift; path = Beakjoon7576.swift; sourceTree = "<group>"; };
		87AFCB152B67BC6D00DFF98F /* Beakjoon11729.swift */ = {isa = PBXFileReference; lastKnownFileType = sourcecode.swift; path = Beakjoon11729.swift; sourceTree = "<group>"; };
		87AFEDD52B42C4C200B7D3A2 /* Beakjoon */ = {isa = PBXFileReference; explicitFileType = "compiled.mach-o.executable"; includeInIndex = 0; path = Beakjoon; sourceTree = BUILT_PRODUCTS_DIR; };
		87AFEDD82B42C4C200B7D3A2 /* main.swift */ = {isa = PBXFileReference; lastKnownFileType = sourcecode.swift; path = main.swift; sourceTree = "<group>"; };
		87B0DDB22B7DF956009008C0 /* Beakjoon2110.swift */ = {isa = PBXFileReference; lastKnownFileType = sourcecode.swift; path = Beakjoon2110.swift; sourceTree = "<group>"; };
		87B0DDB42B7E06CD009008C0 /* Beakjoon16234.swift */ = {isa = PBXFileReference; lastKnownFileType = sourcecode.swift; path = Beakjoon16234.swift; sourceTree = "<group>"; };
		87B9D7872B76086700CE69F7 /* Beakjoon14502.swift */ = {isa = PBXFileReference; lastKnownFileType = sourcecode.swift; path = Beakjoon14502.swift; sourceTree = "<group>"; };
		87B9D7892B76163900CE69F7 /* Beakjoon1753.swift */ = {isa = PBXFileReference; lastKnownFileType = sourcecode.swift; path = Beakjoon1753.swift; sourceTree = "<group>"; };
		87CB18442B57BF92006B3565 /* Beakjoon2357.swift */ = {isa = PBXFileReference; lastKnownFileType = sourcecode.swift; path = Beakjoon2357.swift; sourceTree = "<group>"; };
		87CF0B392B7C9EE100482042 /* Beakjoon11404.swift */ = {isa = PBXFileReference; lastKnownFileType = sourcecode.swift; path = Beakjoon11404.swift; sourceTree = "<group>"; };
		87CF0B3B2B7CA75600482042 /* Beakjoon2580.swift */ = {isa = PBXFileReference; lastKnownFileType = sourcecode.swift; path = Beakjoon2580.swift; sourceTree = "<group>"; };
		87CF0B3D2B7CAD1D00482042 /* Beakjoon1806.swift */ = {isa = PBXFileReference; lastKnownFileType = sourcecode.swift; path = Beakjoon1806.swift; sourceTree = "<group>"; };
		87D5BEB22B45444E00DC5E81 /* LinkedList.swift */ = {isa = PBXFileReference; lastKnownFileType = sourcecode.swift; path = LinkedList.swift; sourceTree = "<group>"; };
		87D5BEB42B4545CA00DC5E81 /* Beakjoon18232.swift */ = {isa = PBXFileReference; lastKnownFileType = sourcecode.swift; path = Beakjoon18232.swift; sourceTree = "<group>"; };
		87D5BEB62B4553DD00DC5E81 /* Beakjoon9148.swift */ = {isa = PBXFileReference; lastKnownFileType = sourcecode.swift; path = Beakjoon9148.swift; sourceTree = "<group>"; };
		87D5BEB82B45578000DC5E81 /* Beakjoon11867.swift */ = {isa = PBXFileReference; lastKnownFileType = sourcecode.swift; path = Beakjoon11867.swift; sourceTree = "<group>"; };
		87D5BEBA2B455FC700DC5E81 /* Beakjoon2716.swift */ = {isa = PBXFileReference; lastKnownFileType = sourcecode.swift; path = Beakjoon2716.swift; sourceTree = "<group>"; };
		87EF60DB2B43CE9100F8B0D8 /* Beakjoon17103.swift */ = {isa = PBXFileReference; lastKnownFileType = sourcecode.swift; path = Beakjoon17103.swift; sourceTree = "<group>"; };
		87EF60DD2B43D65200F8B0D8 /* Beakjoon6615.swift */ = {isa = PBXFileReference; lastKnownFileType = sourcecode.swift; path = Beakjoon6615.swift; sourceTree = "<group>"; };
		87F1615D2B83833900E55869 /* Beakjoon2183.swift */ = {isa = PBXFileReference; lastKnownFileType = sourcecode.swift; path = Beakjoon2183.swift; sourceTree = "<group>"; };
		87F6B2352B47D5D800E5DEC1 /* Beakjoon16948.swift */ = {isa = PBXFileReference; lastKnownFileType = sourcecode.swift; path = Beakjoon16948.swift; sourceTree = "<group>"; };
		87F928BC2B72884200D43251 /* Beakjoon14503.swift */ = {isa = PBXFileReference; lastKnownFileType = sourcecode.swift; path = Beakjoon14503.swift; sourceTree = "<group>"; };
/* End PBXFileReference section */

/* Begin PBXFrameworksBuildPhase section */
		87AFEDD22B42C4C200B7D3A2 /* Frameworks */ = {
			isa = PBXFrameworksBuildPhase;
			buildActionMask = 2147483647;
			files = (
			);
			runOnlyForDeploymentPostprocessing = 0;
		};
/* End PBXFrameworksBuildPhase section */

/* Begin PBXGroup section */
		871020202B511DC2009D046C /* Gold1 */ = {
			isa = PBXGroup;
			children = (
				871020212B511DD2009D046C /* Beakjoon1300.swift */,
				87CB18442B57BF92006B3565 /* Beakjoon2357.swift */,
			);
			path = Gold1;
			sourceTree = "<group>";
		};
		873B2DDF2B4BE2A8004359B9 /* Silver1 */ = {
			isa = PBXGroup;
			children = (
				87F6B2352B47D5D800E5DEC1 /* Beakjoon16948.swift */,
				873B2DD92B4BCB95004359B9 /* Beakjoon2178.swift */,
				873B2DDB2B4BD164004359B9 /* Beakjoon2667.swift */,
				873B2DDD2B4BE276004359B9 /* Beakjoon1149.swift */,
				872877A72B4D181600FF3509 /* Beakjoon1697.swift */,
				8701E2BE2B4D2578004C1367 /* Beakjoon1932.swift */,
				8701E2C02B4D31B2004C1367 /* Beakjoon2156.swift */,
				87AB17A82B4FDF3B00B0DEAD /* Beakjoon10844.swift */,
				879FF08B2B5512E600B80BC5 /* Beakjoon14888.swift */,
				879FF08D2B55242100B80BC5 /* Beakjoon14889.swift */,
				879FF08F2B552F0B00B80BC5 /* Beakjoon1911.swift */,
				87AFCB112B67AD7F00DFF98F /* Beakjoon2468.swift */,
			);
			path = Silver1;
			sourceTree = "<group>";
		};
		8756EA822B5A516900E4247F /* Gold5 */ = {
			isa = PBXGroup;
			children = (
				8756EA832B5A518300E4247F /* Beakjoon12919.swift */,
				87AFCB132B67B75E00DFF98F /* Beakjoon7576.swift */,
				87AFCB152B67BC6D00DFF98F /* Beakjoon11729.swift */,
				8775A1192B6CB46700F88C6F /* Beakjoon2447.swift */,
				8775A11B2B6CBE8500F88C6F /* Beakjoon12865.swift */,
				873D71012B6F489100971822 /* Beakjoon10026.swift */,
				873D71032B6F4FE600971822 /* Beakjoon7569.swift */,
				873D71052B6F5F1D00971822 /* Beakjoon9251.swift */,
				873D71092B6F7BB000971822 /* Beakjoon15686.swift */,
				8776AED42B70B0EE00D963E0 /* Beakjoon1759.swift */,
				87AF138B2B70C1C0003FD7B1 /* Beakjoon1011.swift */,
				87AF138D2B70D40D003FD7B1 /* Beakjoon5430.swift */,
				87F928BC2B72884200D43251 /* Beakjoon14503.swift */,
				874698362B74ACAF00E12C71 /* Beakjoon2293.swift */,
			);
			path = Gold5;
			sourceTree = "<group>";
		};
		87AA73612B4FCCC00089886C /* Gold4 */ = {
			isa = PBXGroup;
			children = (
				87AA73622B4FCCDA0089886C /* Beakjoon11657.swift */,
				870AB3C92B6A31A40054216C /* Beakjoon2239.swift */,
				8746983A2B74E11500E12C71 /* Beakjoon9663.swift */,
				87B9D7872B76086700CE69F7 /* Beakjoon14502.swift */,
				87B9D7892B76163900CE69F7 /* Beakjoon1753.swift */,
				8755C5FA2B789EA700B1B23A /* Beakjoon14500.swift */,
				8755C5FC2B78B10100B1B23A /* Beakjoon11054.swift */,
				8755C5FE2B78BC6400B1B23A /* Beakjoon1987.swift */,
				878A901F2B7B578E00218AC7 /* Beakjoon3190.swift */,
				8790156F2B7B69E90098B5A6 /* Beakjoon1197.swift */,
				8762DA082B7B774F00588CD5 /* Beakjoon17298.swift */,
				87CF0B392B7C9EE100482042 /* Beakjoon11404.swift */,
				87CF0B3B2B7CA75600482042 /* Beakjoon2580.swift */,
				87CF0B3D2B7CAD1D00482042 /* Beakjoon1806.swift */,
				87B0DDB22B7DF956009008C0 /* Beakjoon2110.swift */,
				87B0DDB42B7E06CD009008C0 /* Beakjoon16234.swift */,
				878D1F8D2B7F3D0800A5163C /* Beakjoon14499.swift */,
				878D1F8F2B7F5E0E00A5163C /* Beakjoon1707.swift */,
				878D1F912B7F75D100A5163C /* Beakjoon1504.swift */,
				87F1615D2B83833900E55869 /* Beakjoon2183.swift */,
			);
			path = Gold4;
			sourceTree = "<group>";
		};
		87AFEDCC2B42C4C200B7D3A2 = {
			isa = PBXGroup;
			children = (
				87AFEDD72B42C4C200B7D3A2 /* Beakjoon */,
				87AFEDD62B42C4C200B7D3A2 /* Products */,
			);
			sourceTree = "<group>";
		};
		87AFEDD62B42C4C200B7D3A2 /* Products */ = {
			isa = PBXGroup;
			children = (
				87AFEDD52B42C4C200B7D3A2 /* Beakjoon */,
			);
			name = Products;
			sourceTree = "<group>";
		};
		87AFEDD72B42C4C200B7D3A2 /* Beakjoon */ = {
			isa = PBXGroup;
			children = (
				87D5BEB12B45444600DC5E81 /* Algorithm */,
				871020202B511DC2009D046C /* Gold1 */,
				87AA73612B4FCCC00089886C /* Gold4 */,
				8756EA822B5A516900E4247F /* Gold5 */,
				873B2DDF2B4BE2A8004359B9 /* Silver1 */,
				87AFEDE02B42C65C00B7D3A2 /* Silver2 */,
				87AFEDD82B42C4C200B7D3A2 /* main.swift */,
			);
			path = Beakjoon;
			sourceTree = "<group>";
		};
		87AFEDE02B42C65C00B7D3A2 /* Silver2 */ = {
			isa = PBXGroup;
			children = (
				87EF60DB2B43CE9100F8B0D8 /* Beakjoon17103.swift */,
				87EF60DD2B43D65200F8B0D8 /* Beakjoon6615.swift */,
				872C881B2B43EDCC00DC9B39 /* Beakjoon23630.swift */,
				87D5BEB42B4545CA00DC5E81 /* Beakjoon18232.swift */,
				87D5BEB62B4553DD00DC5E81 /* Beakjoon9148.swift */,
				87D5BEB82B45578000DC5E81 /* Beakjoon11867.swift */,
				87D5BEBA2B455FC700DC5E81 /* Beakjoon2716.swift */,
				871248432B469A7300721B16 /* Beakjoon6236.swift */,
				871248452B46A5BB00721B16 /* Beakjoon1024.swift */,
				871248472B46AD1600721B16 /* Beakjoon2210.swift */,
				873D71072B6F6AD000971822 /* Beakjoon11053.swift */,
			);
			path = Silver2;
			sourceTree = "<group>";
		};
		87D5BEB12B45444600DC5E81 /* Algorithm */ = {
			isa = PBXGroup;
			children = (
				87D5BEB22B45444E00DC5E81 /* LinkedList.swift */,
				874698382B74AFF200E12C71 /* PriorityQueue.swift */,
			);
			path = Algorithm;
			sourceTree = "<group>";
		};
/* End PBXGroup section */

/* Begin PBXNativeTarget section */
		87AFEDD42B42C4C200B7D3A2 /* Beakjoon */ = {
			isa = PBXNativeTarget;
			buildConfigurationList = 87AFEDDC2B42C4C200B7D3A2 /* Build configuration list for PBXNativeTarget "Beakjoon" */;
			buildPhases = (
				87AFEDD12B42C4C200B7D3A2 /* Sources */,
				87AFEDD22B42C4C200B7D3A2 /* Frameworks */,
				87AFEDD32B42C4C200B7D3A2 /* CopyFiles */,
			);
			buildRules = (
			);
			dependencies = (
			);
			name = Beakjoon;
			productName = Beakjoon;
			productReference = 87AFEDD52B42C4C200B7D3A2 /* Beakjoon */;
			productType = "com.apple.product-type.tool";
		};
/* End PBXNativeTarget section */

/* Begin PBXProject section */
		87AFEDCD2B42C4C200B7D3A2 /* Project object */ = {
			isa = PBXProject;
			attributes = {
				BuildIndependentTargetsInParallel = 1;
				LastSwiftUpdateCheck = 1510;
				LastUpgradeCheck = 1510;
				TargetAttributes = {
					87AFEDD42B42C4C200B7D3A2 = {
						CreatedOnToolsVersion = 15.1;
					};
				};
			};
			buildConfigurationList = 87AFEDD02B42C4C200B7D3A2 /* Build configuration list for PBXProject "Beakjoon" */;
			compatibilityVersion = "Xcode 14.0";
			developmentRegion = en;
			hasScannedForEncodings = 0;
			knownRegions = (
				en,
				Base,
			);
			mainGroup = 87AFEDCC2B42C4C200B7D3A2;
			productRefGroup = 87AFEDD62B42C4C200B7D3A2 /* Products */;
			projectDirPath = "";
			projectRoot = "";
			targets = (
				87AFEDD42B42C4C200B7D3A2 /* Beakjoon */,
			);
		};
/* End PBXProject section */

/* Begin PBXSourcesBuildPhase section */
		87AFEDD12B42C4C200B7D3A2 /* Sources */ = {
			isa = PBXSourcesBuildPhase;
			buildActionMask = 2147483647;
			files = (
				87F1615E2B83833900E55869 /* Beakjoon2183.swift in Sources */,
				8701E2C12B4D31B2004C1367 /* Beakjoon2156.swift in Sources */,
				87B0DDB32B7DF956009008C0 /* Beakjoon2110.swift in Sources */,
				87AFEDD92B42C4C200B7D3A2 /* main.swift in Sources */,
				871020222B511DD2009D046C /* Beakjoon1300.swift in Sources */,
				8755C5FD2B78B10100B1B23A /* Beakjoon11054.swift in Sources */,
				87B9D7882B76086800CE69F7 /* Beakjoon14502.swift in Sources */,
				872C881C2B43EDCC00DC9B39 /* Beakjoon23630.swift in Sources */,
				87AFCB142B67B75E00DFF98F /* Beakjoon7576.swift in Sources */,
				870AB3CA2B6A31A40054216C /* Beakjoon2239.swift in Sources */,
				87AFCB162B67BC6D00DFF98F /* Beakjoon11729.swift in Sources */,
				8775A11A2B6CB46700F88C6F /* Beakjoon2447.swift in Sources */,
				87B0DDB52B7E06CD009008C0 /* Beakjoon16234.swift in Sources */,
				87D5BEB32B45444E00DC5E81 /* LinkedList.swift in Sources */,
				87CF0B3A2B7C9EE100482042 /* Beakjoon11404.swift in Sources */,
				87D5BEB72B4553DD00DC5E81 /* Beakjoon9148.swift in Sources */,
				878D1F922B7F75D100A5163C /* Beakjoon1504.swift in Sources */,
				87F6B2362B47D5D800E5DEC1 /* Beakjoon16948.swift in Sources */,
				873B2DDE2B4BE276004359B9 /* Beakjoon1149.swift in Sources */,
				87AA73632B4FCCDA0089886C /* Beakjoon11657.swift in Sources */,
				873D710A2B6F7BB000971822 /* Beakjoon15686.swift in Sources */,
				87AF138E2B70D40D003FD7B1 /* Beakjoon5430.swift in Sources */,
				87EF60DC2B43CE9100F8B0D8 /* Beakjoon17103.swift in Sources */,
				872877A82B4D181600FF3509 /* Beakjoon1697.swift in Sources */,
				874698392B74AFF200E12C71 /* PriorityQueue.swift in Sources */,
				874698372B74ACAF00E12C71 /* Beakjoon2293.swift in Sources */,
				871248462B46A5BB00721B16 /* Beakjoon1024.swift in Sources */,
				87AF138C2B70C1C0003FD7B1 /* Beakjoon1011.swift in Sources */,
				873D71022B6F489100971822 /* Beakjoon10026.swift in Sources */,
				871248442B469A7300721B16 /* Beakjoon6236.swift in Sources */,
				871248482B46AD1600721B16 /* Beakjoon2210.swift in Sources */,
				873B2DDC2B4BD164004359B9 /* Beakjoon2667.swift in Sources */,
				8756EA842B5A518300E4247F /* Beakjoon12919.swift in Sources */,
				878D1F8E2B7F3D0800A5163C /* Beakjoon14499.swift in Sources */,
				8746983B2B74E11500E12C71 /* Beakjoon9663.swift in Sources */,
				8755C5FF2B78BC6400B1B23A /* Beakjoon1987.swift in Sources */,
				8776AED52B70B0EE00D963E0 /* Beakjoon1759.swift in Sources */,
				87B9D78A2B76163900CE69F7 /* Beakjoon1753.swift in Sources */,
				873D71042B6F4FE600971822 /* Beakjoon7569.swift in Sources */,
				87EF60DE2B43D65200F8B0D8 /* Beakjoon6615.swift in Sources */,
				873D71062B6F5F1D00971822 /* Beakjoon9251.swift in Sources */,
				8755C5FB2B789EA700B1B23A /* Beakjoon14500.swift in Sources */,
				87CF0B3E2B7CAD1D00482042 /* Beakjoon1806.swift in Sources */,
				8701E2BF2B4D2578004C1367 /* Beakjoon1932.swift in Sources */,
				873B2DDA2B4BCB95004359B9 /* Beakjoon2178.swift in Sources */,
				87AB17A92B4FDF3B00B0DEAD /* Beakjoon10844.swift in Sources */,
				879FF0902B552F0B00B80BC5 /* Beakjoon1911.swift in Sources */,
				879015702B7B69E90098B5A6 /* Beakjoon1197.swift in Sources */,
				873D71082B6F6AD000971822 /* Beakjoon11053.swift in Sources */,
				87D5BEB92B45578000DC5E81 /* Beakjoon11867.swift in Sources */,
				878A90202B7B578E00218AC7 /* Beakjoon3190.swift in Sources */,
				878D1F902B7F5E0E00A5163C /* Beakjoon1707.swift in Sources */,
				87AFCB122B67AD7F00DFF98F /* Beakjoon2468.swift in Sources */,
				87D5BEBB2B455FC700DC5E81 /* Beakjoon2716.swift in Sources */,
				87CF0B3C2B7CA75600482042 /* Beakjoon2580.swift in Sources */,
				8762DA092B7B774F00588CD5 /* Beakjoon17298.swift in Sources */,
				8775A11C2B6CBE8500F88C6F /* Beakjoon12865.swift in Sources */,
				879FF08E2B55242100B80BC5 /* Beakjoon14889.swift in Sources */,
				87F928BD2B72884200D43251 /* Beakjoon14503.swift in Sources */,
				87CB18452B57BF92006B3565 /* Beakjoon2357.swift in Sources */,
				87D5BEB52B4545CA00DC5E81 /* Beakjoon18232.swift in Sources */,
				879FF08C2B5512E600B80BC5 /* Beakjoon14888.swift in Sources */,
			);
			runOnlyForDeploymentPostprocessing = 0;
		};
/* End PBXSourcesBuildPhase section */

/* Begin XCBuildConfiguration section */
		87AFEDDA2B42C4C200B7D3A2 /* Debug */ = {
			isa = XCBuildConfiguration;
			buildSettings = {
				ALWAYS_SEARCH_USER_PATHS = NO;
				ASSETCATALOG_COMPILER_GENERATE_SWIFT_ASSET_SYMBOL_EXTENSIONS = YES;
				CLANG_ANALYZER_NONNULL = YES;
				CLANG_ANALYZER_NUMBER_OBJECT_CONVERSION = YES_AGGRESSIVE;
				CLANG_CXX_LANGUAGE_STANDARD = "gnu++20";
				CLANG_ENABLE_MODULES = YES;
				CLANG_ENABLE_OBJC_ARC = YES;
				CLANG_ENABLE_OBJC_WEAK = YES;
				CLANG_WARN_BLOCK_CAPTURE_AUTORELEASING = YES;
				CLANG_WARN_BOOL_CONVERSION = YES;
				CLANG_WARN_COMMA = YES;
				CLANG_WARN_CONSTANT_CONVERSION = YES;
				CLANG_WARN_DEPRECATED_OBJC_IMPLEMENTATIONS = YES;
				CLANG_WARN_DIRECT_OBJC_ISA_USAGE = YES_ERROR;
				CLANG_WARN_DOCUMENTATION_COMMENTS = YES;
				CLANG_WARN_EMPTY_BODY = YES;
				CLANG_WARN_ENUM_CONVERSION = YES;
				CLANG_WARN_INFINITE_RECURSION = YES;
				CLANG_WARN_INT_CONVERSION = YES;
				CLANG_WARN_NON_LITERAL_NULL_CONVERSION = YES;
				CLANG_WARN_OBJC_IMPLICIT_RETAIN_SELF = YES;
				CLANG_WARN_OBJC_LITERAL_CONVERSION = YES;
				CLANG_WARN_OBJC_ROOT_CLASS = YES_ERROR;
				CLANG_WARN_QUOTED_INCLUDE_IN_FRAMEWORK_HEADER = YES;
				CLANG_WARN_RANGE_LOOP_ANALYSIS = YES;
				CLANG_WARN_STRICT_PROTOTYPES = YES;
				CLANG_WARN_SUSPICIOUS_MOVE = YES;
				CLANG_WARN_UNGUARDED_AVAILABILITY = YES_AGGRESSIVE;
				CLANG_WARN_UNREACHABLE_CODE = YES;
				CLANG_WARN__DUPLICATE_METHOD_MATCH = YES;
				COPY_PHASE_STRIP = NO;
				DEBUG_INFORMATION_FORMAT = dwarf;
				ENABLE_STRICT_OBJC_MSGSEND = YES;
				ENABLE_TESTABILITY = YES;
				ENABLE_USER_SCRIPT_SANDBOXING = YES;
				GCC_C_LANGUAGE_STANDARD = gnu17;
				GCC_DYNAMIC_NO_PIC = NO;
				GCC_NO_COMMON_BLOCKS = YES;
				GCC_OPTIMIZATION_LEVEL = 0;
				GCC_PREPROCESSOR_DEFINITIONS = (
					"DEBUG=1",
					"$(inherited)",
				);
				GCC_WARN_64_TO_32_BIT_CONVERSION = YES;
				GCC_WARN_ABOUT_RETURN_TYPE = YES_ERROR;
				GCC_WARN_UNDECLARED_SELECTOR = YES;
				GCC_WARN_UNINITIALIZED_AUTOS = YES_AGGRESSIVE;
				GCC_WARN_UNUSED_FUNCTION = YES;
				GCC_WARN_UNUSED_VARIABLE = YES;
				LOCALIZATION_PREFERS_STRING_CATALOGS = YES;
				MACOSX_DEPLOYMENT_TARGET = 14.2;
				MTL_ENABLE_DEBUG_INFO = INCLUDE_SOURCE;
				MTL_FAST_MATH = YES;
				ONLY_ACTIVE_ARCH = YES;
				SDKROOT = macosx;
				SWIFT_ACTIVE_COMPILATION_CONDITIONS = "DEBUG $(inherited)";
				SWIFT_OPTIMIZATION_LEVEL = "-Onone";
			};
			name = Debug;
		};
		87AFEDDB2B42C4C200B7D3A2 /* Release */ = {
			isa = XCBuildConfiguration;
			buildSettings = {
				ALWAYS_SEARCH_USER_PATHS = NO;
				ASSETCATALOG_COMPILER_GENERATE_SWIFT_ASSET_SYMBOL_EXTENSIONS = YES;
				CLANG_ANALYZER_NONNULL = YES;
				CLANG_ANALYZER_NUMBER_OBJECT_CONVERSION = YES_AGGRESSIVE;
				CLANG_CXX_LANGUAGE_STANDARD = "gnu++20";
				CLANG_ENABLE_MODULES = YES;
				CLANG_ENABLE_OBJC_ARC = YES;
				CLANG_ENABLE_OBJC_WEAK = YES;
				CLANG_WARN_BLOCK_CAPTURE_AUTORELEASING = YES;
				CLANG_WARN_BOOL_CONVERSION = YES;
				CLANG_WARN_COMMA = YES;
				CLANG_WARN_CONSTANT_CONVERSION = YES;
				CLANG_WARN_DEPRECATED_OBJC_IMPLEMENTATIONS = YES;
				CLANG_WARN_DIRECT_OBJC_ISA_USAGE = YES_ERROR;
				CLANG_WARN_DOCUMENTATION_COMMENTS = YES;
				CLANG_WARN_EMPTY_BODY = YES;
				CLANG_WARN_ENUM_CONVERSION = YES;
				CLANG_WARN_INFINITE_RECURSION = YES;
				CLANG_WARN_INT_CONVERSION = YES;
				CLANG_WARN_NON_LITERAL_NULL_CONVERSION = YES;
				CLANG_WARN_OBJC_IMPLICIT_RETAIN_SELF = YES;
				CLANG_WARN_OBJC_LITERAL_CONVERSION = YES;
				CLANG_WARN_OBJC_ROOT_CLASS = YES_ERROR;
				CLANG_WARN_QUOTED_INCLUDE_IN_FRAMEWORK_HEADER = YES;
				CLANG_WARN_RANGE_LOOP_ANALYSIS = YES;
				CLANG_WARN_STRICT_PROTOTYPES = YES;
				CLANG_WARN_SUSPICIOUS_MOVE = YES;
				CLANG_WARN_UNGUARDED_AVAILABILITY = YES_AGGRESSIVE;
				CLANG_WARN_UNREACHABLE_CODE = YES;
				CLANG_WARN__DUPLICATE_METHOD_MATCH = YES;
				COPY_PHASE_STRIP = NO;
				DEBUG_INFORMATION_FORMAT = "dwarf-with-dsym";
				ENABLE_NS_ASSERTIONS = NO;
				ENABLE_STRICT_OBJC_MSGSEND = YES;
				ENABLE_USER_SCRIPT_SANDBOXING = YES;
				GCC_C_LANGUAGE_STANDARD = gnu17;
				GCC_NO_COMMON_BLOCKS = YES;
				GCC_WARN_64_TO_32_BIT_CONVERSION = YES;
				GCC_WARN_ABOUT_RETURN_TYPE = YES_ERROR;
				GCC_WARN_UNDECLARED_SELECTOR = YES;
				GCC_WARN_UNINITIALIZED_AUTOS = YES_AGGRESSIVE;
				GCC_WARN_UNUSED_FUNCTION = YES;
				GCC_WARN_UNUSED_VARIABLE = YES;
				LOCALIZATION_PREFERS_STRING_CATALOGS = YES;
				MACOSX_DEPLOYMENT_TARGET = 14.2;
				MTL_ENABLE_DEBUG_INFO = NO;
				MTL_FAST_MATH = YES;
				SDKROOT = macosx;
				SWIFT_COMPILATION_MODE = wholemodule;
			};
			name = Release;
		};
		87AFEDDD2B42C4C200B7D3A2 /* Debug */ = {
			isa = XCBuildConfiguration;
			buildSettings = {
				CODE_SIGN_STYLE = Automatic;
				DEVELOPMENT_TEAM = ADAV929TJ6;
				ENABLE_HARDENED_RUNTIME = YES;
				PRODUCT_NAME = "$(TARGET_NAME)";
				SWIFT_VERSION = 5.0;
			};
			name = Debug;
		};
		87AFEDDE2B42C4C200B7D3A2 /* Release */ = {
			isa = XCBuildConfiguration;
			buildSettings = {
				CODE_SIGN_STYLE = Automatic;
				DEVELOPMENT_TEAM = ADAV929TJ6;
				ENABLE_HARDENED_RUNTIME = YES;
				PRODUCT_NAME = "$(TARGET_NAME)";
				SWIFT_VERSION = 5.0;
			};
			name = Release;
		};
/* End XCBuildConfiguration section */

/* Begin XCConfigurationList section */
		87AFEDD02B42C4C200B7D3A2 /* Build configuration list for PBXProject "Beakjoon" */ = {
			isa = XCConfigurationList;
			buildConfigurations = (
				87AFEDDA2B42C4C200B7D3A2 /* Debug */,
				87AFEDDB2B42C4C200B7D3A2 /* Release */,
			);
			defaultConfigurationIsVisible = 0;
			defaultConfigurationName = Release;
		};
		87AFEDDC2B42C4C200B7D3A2 /* Build configuration list for PBXNativeTarget "Beakjoon" */ = {
			isa = XCConfigurationList;
			buildConfigurations = (
				87AFEDDD2B42C4C200B7D3A2 /* Debug */,
				87AFEDDE2B42C4C200B7D3A2 /* Release */,
			);
			defaultConfigurationIsVisible = 0;
			defaultConfigurationName = Release;
		};
/* End XCConfigurationList section */
	};
	rootObject = 87AFEDCD2B42C4C200B7D3A2 /* Project object */;
}
